
Microsoft Visual Studio Solution File, Format Version 12.00
# Visual Studio Version 17
VisualStudioVersion = 17.1.32407.343
MinimumVisualStudioVersion = 10.0.40219.1
Project("{2150E333-8FDC-42A3-9474-1A3956D46DE8}") = "src", "src", "{B91BF84B-E5D5-4F8C-BDDC-9F4D985B9B89}"
EndProject
Project("{2150E333-8FDC-42A3-9474-1A3956D46DE8}") = "Core", "Core", "{C79FC85A-7492-4987-AC84-81AE4AC7EC79}"
EndProject
Project("{2150E333-8FDC-42A3-9474-1A3956D46DE8}") = "Infrastructure", "Infrastructure", "{759E013E-5106-4B82-81A9-8B0B981075F1}"
EndProject
Project("{2150E333-8FDC-42A3-9474-1A3956D46DE8}") = "Presentation", "Presentation", "{2DBB95CD-A745-49FA-B299-5C1FAA5FC434}"
EndProject
Project("{9A19103F-16F7-4668-BE54-9A1E7A4F7556}") = "Application", "Application\Application.csproj", "{B3028283-23D0-4C39-8DBA-64698A0B4814}"
EndProject
Project("{9A19103F-16F7-4668-BE54-9A1E7A4F7556}") = "Domain", "Domain\Domain.csproj", "{B54E7001-C145-48E3-9C9F-91F90E049BA3}"
EndProject
Project("{9A19103F-16F7-4668-BE54-9A1E7A4F7556}") = "Persistence", "Persistence\Persistence.csproj", "{E177FFDD-6A64-4FB3-B78B-D38D9B10206A}"
EndProject
Project("{9A19103F-16F7-4668-BE54-9A1E7A4F7556}") = "Shared", "Shared\Shared.csproj", "{07F9556D-8FBA-4605-8AD4-B7AA1959EDF5}"
EndProject
Project("{9A19103F-16F7-4668-BE54-9A1E7A4F7556}") = "WebApi", "WebApi\WebApi.csproj", "{125A0F16-440B-4433-807D-ACE52D7611AE}"
EndProject
Project("{2150E333-8FDC-42A3-9474-1A3956D46DE8}") = "tests", "tests", "{10C203A4-D21D-40DB-B035-BF34F873BC61}"
EndProject
Project("{FAE04EC0-301F-11D3-BF4B-00C04F79EFBC}") = "Identify", "Identify\Identify.csproj", "{5C9B8CFE-9E83-43FD-A809-3CD158B3943A}"
EndProject
Global
	GlobalSection(SolutionConfigurationPlatforms) = preSolution
		Debug|Any CPU = Debug|Any CPU
		Release|Any CPU = Release|Any CPU
	EndGlobalSection
	GlobalSection(ProjectConfigurationPlatforms) = postSolution
		{B3028283-23D0-4C39-8DBA-64698A0B4814}.Debug|Any CPU.ActiveCfg = Debug|Any CPU
		{B3028283-23D0-4C39-8DBA-64698A0B4814}.Debug|Any CPU.Build.0 = Debug|Any CPU
		{B3028283-23D0-4C39-8DBA-64698A0B4814}.Release|Any CPU.ActiveCfg = Release|Any CPU
		{B3028283-23D0-4C39-8DBA-64698A0B4814}.Release|Any CPU.Build.0 = Release|Any CPU
		{B54E7001-C145-48E3-9C9F-91F90E049BA3}.Debug|Any CPU.ActiveCfg = Debug|Any CPU
		{B54E7001-C145-48E3-9C9F-91F90E049BA3}.Debug|Any CPU.Build.0 = Debug|Any CPU
		{B54E7001-C145-48E3-9C9F-91F90E049BA3}.Release|Any CPU.ActiveCfg = Release|Any CPU
		{B54E7001-C145-48E3-9C9F-91F90E049BA3}.Release|Any CPU.Build.0 = Release|Any CPU
		{E177FFDD-6A64-4FB3-B78B-D38D9B10206A}.Debug|Any CPU.ActiveCfg = Debug|Any CPU
		{E177FFDD-6A64-4FB3-B78B-D38D9B10206A}.Debug|Any CPU.Build.0 = Debug|Any CPU
		{E177FFDD-6A64-4FB3-B78B-D38D9B10206A}.Release|Any CPU.ActiveCfg = Release|Any CPU
		{E177FFDD-6A64-4FB3-B78B-D38D9B10206A}.Release|Any CPU.Build.0 = Release|Any CPU
		{07F9556D-8FBA-4605-8AD4-B7AA1959EDF5}.Debug|Any CPU.ActiveCfg = Debug|Any CPU
		{07F9556D-8FBA-4605-8AD4-B7AA1959EDF5}.Debug|Any CPU.Build.0 = Debug|Any CPU
		{07F9556D-8FBA-4605-8AD4-B7AA1959EDF5}.Release|Any CPU.ActiveCfg = Release|Any CPU
		{07F9556D-8FBA-4605-8AD4-B7AA1959EDF5}.Release|Any CPU.Build.0 = Release|Any CPU
		{125A0F16-440B-4433-807D-ACE52D7611AE}.Debug|Any CPU.ActiveCfg = Debug|Any CPU
		{125A0F16-440B-4433-807D-ACE52D7611AE}.Debug|Any CPU.Build.0 = Debug|Any CPU
		{125A0F16-440B-4433-807D-ACE52D7611AE}.Release|Any CPU.ActiveCfg = Release|Any CPU
		{125A0F16-440B-4433-807D-ACE52D7611AE}.Release|Any CPU.Build.0 = Release|Any CPU
		{5C9B8CFE-9E83-43FD-A809-3CD158B3943A}.Debug|Any CPU.ActiveCfg = Debug|Any CPU
		{5C9B8CFE-9E83-43FD-A809-3CD158B3943A}.Debug|Any CPU.Build.0 = Debug|Any CPU
		{5C9B8CFE-9E83-43FD-A809-3CD158B3943A}.Release|Any CPU.ActiveCfg = Release|Any CPU
		{5C9B8CFE-9E83-43FD-A809-3CD158B3943A}.Release|Any CPU.Build.0 = Release|Any CPU
	EndGlobalSection
	GlobalSection(SolutionProperties) = preSolution
		HideSolutionNode = FALSE
	EndGlobalSection
	GlobalSection(NestedProjects) = preSolution
		{C79FC85A-7492-4987-AC84-81AE4AC7EC79} = {B91BF84B-E5D5-4F8C-BDDC-9F4D985B9B89}
		{759E013E-5106-4B82-81A9-8B0B981075F1} = {B91BF84B-E5D5-4F8C-BDDC-9F4D985B9B89}
		{2DBB95CD-A745-49FA-B299-5C1FAA5FC434} = {B91BF84B-E5D5-4F8C-BDDC-9F4D985B9B89}
		{B3028283-23D0-4C39-8DBA-64698A0B4814} = {C79FC85A-7492-4987-AC84-81AE4AC7EC79}
		{B54E7001-C145-48E3-9C9F-91F90E049BA3} = {C79FC85A-7492-4987-AC84-81AE4AC7EC79}
		{E177FFDD-6A64-4FB3-B78B-D38D9B10206A} = {759E013E-5106-4B82-81A9-8B0B981075F1}
		{07F9556D-8FBA-4605-8AD4-B7AA1959EDF5} = {759E013E-5106-4B82-81A9-8B0B981075F1}
		{125A0F16-440B-4433-807D-ACE52D7611AE} = {2DBB95CD-A745-49FA-B299-5C1FAA5FC434}
		{5C9B8CFE-9E83-43FD-A809-3CD158B3943A} = {759E013E-5106-4B82-81A9-8B0B981075F1}
	EndGlobalSection
	GlobalSection(ExtensibilityGlobals) = postSolution
		SolutionGuid = {C5D4183F-A1FB-48DD-9D27-70C3C3C03E09}
	EndGlobalSection
EndGlobal
